
Microsoft Visual Studio Solution File, Format Version 12.00
# Visual Studio Version 16
VisualStudioVersion = 25.0.1703.5
MinimumVisualStudioVersion = 10.0.40219.1
Project("{FAE04EC0-301F-11D3-BF4B-00C04F79EFBC}") = "SoteroPC2.API", "SoteroPC2.API\SoteroPC2.API.csproj", "{F93918C0-160D-4DC0-8D6E-BC09B2672C96}"
EndProject
Global
	GlobalSection(SolutionConfigurationPlatforms) = preSolution
		Debug|Any CPU = Debug|Any CPU
		Release|Any CPU = Release|Any CPU
	EndGlobalSection
	GlobalSection(ProjectConfigurationPlatforms) = postSolution
		{F93918C0-160D-4DC0-8D6E-BC09B2672C96}.Debug|Any CPU.ActiveCfg = Debug|Any CPU
		{F93918C0-160D-4DC0-8D6E-BC09B2672C96}.Debug|Any CPU.Build.0 = Debug|Any CPU
		{F93918C0-160D-4DC0-8D6E-BC09B2672C96}.Release|Any CPU.ActiveCfg = Release|Any CPU
		{F93918C0-160D-4DC0-8D6E-BC09B2672C96}.Release|Any CPU.Build.0 = Release|Any CPU
	EndGlobalSection
	GlobalSection(SolutionProperties) = preSolution
		HideSolutionNode = FALSE
	EndGlobalSection
	GlobalSection(ExtensibilityGlobals) = postSolution
		SolutionGuid = {CD92C214-D622-4C56-B580-421729A2C83F}
	EndGlobalSection
EndGlobal
